
Microsoft Visual Studio Solution File, Format Version 12.00
# Visual Studio Version 17
VisualStudioVersion = 17.0.32126.317
MinimumVisualStudioVersion = 10.0.40219.1
Project("{8BC9CEB8-8B4A-11D0-8D11-00A0C91BC942}") = "Engine2", "Engine2\Engine2.vcxproj", "{BFBA8114-C5A1-4829-9BFB-1E11FE26EE5B}"
EndProject
Project("{8BC9CEB8-8B4A-11D0-8D11-00A0C91BC942}") = "MapGenerator", "MapGenerator\MapGenerator.vcxproj", "{FD778DC7-C834-4D80-90AB-71110ACD033E}"
	ProjectSection(ProjectDependencies) = postProject
		{BFBA8114-C5A1-4829-9BFB-1E11FE26EE5B} = {BFBA8114-C5A1-4829-9BFB-1E11FE26EE5B}
	EndProjectSection
EndProject
Global
	GlobalSection(SolutionConfigurationPlatforms) = preSolution
		SDL_Debug|x64 = SDL_Debug|x64
		SDL_Debug|x86 = SDL_Debug|x86
		SDL_Release|x64 = SDL_Release|x64
		SDL_Release|x86 = SDL_Release|x86
		SFML_Debug|x64 = SFML_Debug|x64
		SFML_Debug|x86 = SFML_Debug|x86
		SFML_Release|x64 = SFML_Release|x64
		SFML_Release|x86 = SFML_Release|x86
	EndGlobalSection
	GlobalSection(ProjectConfigurationPlatforms) = postSolution
		{BFBA8114-C5A1-4829-9BFB-1E11FE26EE5B}.SDL_Debug|x64.ActiveCfg = SDL_Debug|x64
		{BFBA8114-C5A1-4829-9BFB-1E11FE26EE5B}.SDL_Debug|x64.Build.0 = SDL_Debug|x64
		{BFBA8114-C5A1-4829-9BFB-1E11FE26EE5B}.SDL_Debug|x86.ActiveCfg = SDL_Debug|x64
		{BFBA8114-C5A1-4829-9BFB-1E11FE26EE5B}.SDL_Debug|x86.Build.0 = SDL_Debug|x64
		{BFBA8114-C5A1-4829-9BFB-1E11FE26EE5B}.SDL_Release|x64.ActiveCfg = SDL_Release|x64
		{BFBA8114-C5A1-4829-9BFB-1E11FE26EE5B}.SDL_Release|x64.Build.0 = SDL_Release|x64
		{BFBA8114-C5A1-4829-9BFB-1E11FE26EE5B}.SDL_Release|x86.ActiveCfg = SDL_Release|x64
		{BFBA8114-C5A1-4829-9BFB-1E11FE26EE5B}.SDL_Release|x86.Build.0 = SDL_Release|x64
		{BFBA8114-C5A1-4829-9BFB-1E11FE26EE5B}.SFML_Debug|x64.ActiveCfg = SFML_Debug|x64
		{BFBA8114-C5A1-4829-9BFB-1E11FE26EE5B}.SFML_Debug|x64.Build.0 = SFML_Debug|x64
		{BFBA8114-C5A1-4829-9BFB-1E11FE26EE5B}.SFML_Debug|x86.ActiveCfg = SFML_Debug|x64
		{BFBA8114-C5A1-4829-9BFB-1E11FE26EE5B}.SFML_Debug|x86.Build.0 = SFML_Debug|x64
		{BFBA8114-C5A1-4829-9BFB-1E11FE26EE5B}.SFML_Release|x64.ActiveCfg = SFML_Release|x64
		{BFBA8114-C5A1-4829-9BFB-1E11FE26EE5B}.SFML_Release|x64.Build.0 = SFML_Release|x64
		{BFBA8114-C5A1-4829-9BFB-1E11FE26EE5B}.SFML_Release|x86.ActiveCfg = SFML_Release|x64
		{BFBA8114-C5A1-4829-9BFB-1E11FE26EE5B}.SFML_Release|x86.Build.0 = SFML_Release|x64
		{FD778DC7-C834-4D80-90AB-71110ACD033E}.SDL_Debug|x64.ActiveCfg = SDL_Debug|x64
		{FD778DC7-C834-4D80-90AB-71110ACD033E}.SDL_Debug|x64.Build.0 = SDL_Debug|x64
		{FD778DC7-C834-4D80-90AB-71110ACD033E}.SDL_Debug|x86.ActiveCfg = SDL_Debug|x64
		{FD778DC7-C834-4D80-90AB-71110ACD033E}.SDL_Debug|x86.Build.0 = SDL_Debug|x64
		{FD778DC7-C834-4D80-90AB-71110ACD033E}.SDL_Release|x64.ActiveCfg = SDL_Release|x64
		{FD778DC7-C834-4D80-90AB-71110ACD033E}.SDL_Release|x64.Build.0 = SDL_Release|x64
		{FD778DC7-C834-4D80-90AB-71110ACD033E}.SDL_Release|x86.ActiveCfg = SDL_Release|x64
		{FD778DC7-C834-4D80-90AB-71110ACD033E}.SDL_Release|x86.Build.0 = SDL_Release|x64
		{FD778DC7-C834-4D80-90AB-71110ACD033E}.SFML_Debug|x64.ActiveCfg = SFML_Debug|x64
		{FD778DC7-C834-4D80-90AB-71110ACD033E}.SFML_Debug|x64.Build.0 = SFML_Debug|x64
		{FD778DC7-C834-4D80-90AB-71110ACD033E}.SFML_Debug|x86.ActiveCfg = SFML_Debug|x64
		{FD778DC7-C834-4D80-90AB-71110ACD033E}.SFML_Debug|x86.Build.0 = SFML_Debug|x64
		{FD778DC7-C834-4D80-90AB-71110ACD033E}.SFML_Release|x64.ActiveCfg = SFML_Release|x64
		{FD778DC7-C834-4D80-90AB-71110ACD033E}.SFML_Release|x64.Build.0 = SFML_Release|x64
		{FD778DC7-C834-4D80-90AB-71110ACD033E}.SFML_Release|x86.ActiveCfg = SFML_Release|x64
		{FD778DC7-C834-4D80-90AB-71110ACD033E}.SFML_Release|x86.Build.0 = SFML_Release|x64
	EndGlobalSection
	GlobalSection(SolutionProperties) = preSolution
		HideSolutionNode = FALSE
	EndGlobalSection
	GlobalSection(ExtensibilityGlobals) = postSolution
		SolutionGuid = {56FE6113-751C-44E8-B2F2-2B1E32EC6015}
	EndGlobalSection
EndGlobal
